// !$*UTF8*$!
{
	archiveVersion = 1;
	classes = {
	};
	objectVersion = 55;
	objects = {

/* Begin PBXBuildFile section */
		ED0A8BB428D215ED00231C77 /* User.swift in Sources */ = {isa = PBXBuildFile; fileRef = ED0A8BB328D215ED00231C77 /* User.swift */; };
		ED1812172762455200EC233D /* GameVM.swift in Sources */ = {isa = PBXBuildFile; fileRef = ED1812162762455200EC233D /* GameVM.swift */; };
		ED1D969127DF252100D24852 /* RecordVC.swift in Sources */ = {isa = PBXBuildFile; fileRef = ED1D969027DF252100D24852 /* RecordVC.swift */; };
		ED251BF3275FE2C10000A1FE /* GameVC.swift in Sources */ = {isa = PBXBuildFile; fileRef = ED251BF2275FE2C10000A1FE /* GameVC.swift */; };
		ED35FC9C28C0E143009BFB78 /* GoogleService-Info.plist in Resources */ = {isa = PBXBuildFile; fileRef = ED35FC9B28C0E143009BFB78 /* GoogleService-Info.plist */; };
		ED35FC9F28C0E42D009BFB78 /* FirebaseAuth in Frameworks */ = {isa = PBXBuildFile; productRef = ED35FC9E28C0E42D009BFB78 /* FirebaseAuth */; };
		ED35FCA128C0E42D009BFB78 /* FirebaseAuthCombine-Community in Frameworks */ = {isa = PBXBuildFile; productRef = ED35FCA028C0E42D009BFB78 /* FirebaseAuthCombine-Community */; };
		ED35FCA328C0E42D009BFB78 /* FirebaseDatabase in Frameworks */ = {isa = PBXBuildFile; productRef = ED35FCA228C0E42D009BFB78 /* FirebaseDatabase */; };
		ED35FCA528C0E42D009BFB78 /* FirebaseDatabaseSwift in Frameworks */ = {isa = PBXBuildFile; productRef = ED35FCA428C0E42D009BFB78 /* FirebaseDatabaseSwift */; };
		ED35FCA728C0E42D009BFB78 /* FirebaseFirestore in Frameworks */ = {isa = PBXBuildFile; productRef = ED35FCA628C0E42D009BFB78 /* FirebaseFirestore */; };
		ED35FCA928C0E42D009BFB78 /* FirebaseFirestoreCombine-Community in Frameworks */ = {isa = PBXBuildFile; productRef = ED35FCA828C0E42D009BFB78 /* FirebaseFirestoreCombine-Community */; };
		ED35FCAB28C0E42D009BFB78 /* FirebaseFirestoreSwift in Frameworks */ = {isa = PBXBuildFile; productRef = ED35FCAA28C0E42D009BFB78 /* FirebaseFirestoreSwift */; };
		ED35FCAD28C0E42D009BFB78 /* FirebaseStorage in Frameworks */ = {isa = PBXBuildFile; productRef = ED35FCAC28C0E42D009BFB78 /* FirebaseStorage */; };
		ED35FCAF28C0E42D009BFB78 /* FirebaseStorageCombine-Community in Frameworks */ = {isa = PBXBuildFile; productRef = ED35FCAE28C0E42D009BFB78 /* FirebaseStorageCombine-Community */; };
		ED35FCB128C10301009BFB78 /* RegistrationVC.swift in Sources */ = {isa = PBXBuildFile; fileRef = ED35FCB028C10301009BFB78 /* RegistrationVC.swift */; };
		ED35FCB328C1177A009BFB78 /* Utils.swift in Sources */ = {isa = PBXBuildFile; fileRef = ED35FCB228C1177A009BFB78 /* Utils.swift */; };
		ED4028D428CF3449003EAF00 /* RegistrationVM.swift in Sources */ = {isa = PBXBuildFile; fileRef = ED4028D328CF3449003EAF00 /* RegistrationVM.swift */; };
		EDA3B699275FB8D6008E17C7 /* AppDelegate.swift in Sources */ = {isa = PBXBuildFile; fileRef = EDA3B698275FB8D6008E17C7 /* AppDelegate.swift */; };
		EDA3B69D275FB8D6008E17C7 /* StartPage.swift in Sources */ = {isa = PBXBuildFile; fileRef = EDA3B69C275FB8D6008E17C7 /* StartPage.swift */; };
		EDA3B6A0275FB8D6008E17C7 /* Main.storyboard in Resources */ = {isa = PBXBuildFile; fileRef = EDA3B69E275FB8D6008E17C7 /* Main.storyboard */; };
		EDA3B6A2275FB8D7008E17C7 /* Assets.xcassets in Resources */ = {isa = PBXBuildFile; fileRef = EDA3B6A1275FB8D7008E17C7 /* Assets.xcassets */; };
		EDA3B6A5275FB8D7008E17C7 /* LaunchScreen.storyboard in Resources */ = {isa = PBXBuildFile; fileRef = EDA3B6A3275FB8D7008E17C7 /* LaunchScreen.storyboard */; };
		EDC1EC6027D0CB9300E957E8 /* SettingVC.swift in Sources */ = {isa = PBXBuildFile; fileRef = EDC1EC5F27D0CB9300E957E8 /* SettingVC.swift */; };
		EDC1EC6227D0CC6100E957E8 /* SettingsTableVC.swift in Sources */ = {isa = PBXBuildFile; fileRef = EDC1EC6127D0CC6100E957E8 /* SettingsTableVC.swift */; };
		EDE5FDEE27D76E55004FB3A2 /* SettingsStruct.swift in Sources */ = {isa = PBXBuildFile; fileRef = EDE5FDED27D76E55004FB3A2 /* SettingsStruct.swift */; };
/* End PBXBuildFile section */

/* Begin PBXFileReference section */
		ED0A8BB328D215ED00231C77 /* User.swift */ = {isa = PBXFileReference; lastKnownFileType = sourcecode.swift; path = User.swift; sourceTree = "<group>"; };
		ED1812162762455200EC233D /* GameVM.swift */ = {isa = PBXFileReference; lastKnownFileType = sourcecode.swift; path = GameVM.swift; sourceTree = "<group>"; };
		ED1D969027DF252100D24852 /* RecordVC.swift */ = {isa = PBXFileReference; lastKnownFileType = sourcecode.swift; path = RecordVC.swift; sourceTree = "<group>"; };
		ED251BF2275FE2C10000A1FE /* GameVC.swift */ = {isa = PBXFileReference; lastKnownFileType = sourcecode.swift; path = GameVC.swift; sourceTree = "<group>"; };
		ED35FC9B28C0E143009BFB78 /* GoogleService-Info.plist */ = {isa = PBXFileReference; fileEncoding = 4; lastKnownFileType = text.plist.xml; path = "GoogleService-Info.plist"; sourceTree = "<group>"; };
		ED35FCB028C10301009BFB78 /* RegistrationVC.swift */ = {isa = PBXFileReference; lastKnownFileType = sourcecode.swift; path = RegistrationVC.swift; sourceTree = "<group>"; };
		ED35FCB228C1177A009BFB78 /* Utils.swift */ = {isa = PBXFileReference; lastKnownFileType = sourcecode.swift; path = Utils.swift; sourceTree = "<group>"; };
		ED4028D328CF3449003EAF00 /* RegistrationVM.swift */ = {isa = PBXFileReference; lastKnownFileType = sourcecode.swift; path = RegistrationVM.swift; sourceTree = "<group>"; };
		EDA3B695275FB8D6008E17C7 /* TheNumbers.app */ = {isa = PBXFileReference; explicitFileType = wrapper.application; includeInIndex = 0; path = TheNumbers.app; sourceTree = BUILT_PRODUCTS_DIR; };
		EDA3B698275FB8D6008E17C7 /* AppDelegate.swift */ = {isa = PBXFileReference; lastKnownFileType = sourcecode.swift; path = AppDelegate.swift; sourceTree = "<group>"; };
		EDA3B69C275FB8D6008E17C7 /* StartPage.swift */ = {isa = PBXFileReference; lastKnownFileType = sourcecode.swift; path = StartPage.swift; sourceTree = "<group>"; };
		EDA3B69F275FB8D6008E17C7 /* Base */ = {isa = PBXFileReference; lastKnownFileType = file.storyboard; name = Base; path = Base.lproj/Main.storyboard; sourceTree = "<group>"; };
		EDA3B6A1275FB8D7008E17C7 /* Assets.xcassets */ = {isa = PBXFileReference; lastKnownFileType = folder.assetcatalog; path = Assets.xcassets; sourceTree = "<group>"; };
		EDA3B6A4275FB8D7008E17C7 /* Base */ = {isa = PBXFileReference; lastKnownFileType = file.storyboard; name = Base; path = Base.lproj/LaunchScreen.storyboard; sourceTree = "<group>"; };
		EDA3B6A6275FB8D7008E17C7 /* Info.plist */ = {isa = PBXFileReference; lastKnownFileType = text.plist.xml; path = Info.plist; sourceTree = "<group>"; };
		EDC1EC5F27D0CB9300E957E8 /* SettingVC.swift */ = {isa = PBXFileReference; lastKnownFileType = sourcecode.swift; path = SettingVC.swift; sourceTree = "<group>"; };
		EDC1EC6127D0CC6100E957E8 /* SettingsTableVC.swift */ = {isa = PBXFileReference; lastKnownFileType = sourcecode.swift; path = SettingsTableVC.swift; sourceTree = "<group>"; };
		EDE5FDED27D76E55004FB3A2 /* SettingsStruct.swift */ = {isa = PBXFileReference; lastKnownFileType = sourcecode.swift; path = SettingsStruct.swift; sourceTree = "<group>"; };
/* End PBXFileReference section */

/* Begin PBXFrameworksBuildPhase section */
		EDA3B692275FB8D6008E17C7 /* Frameworks */ = {
			isa = PBXFrameworksBuildPhase;
			buildActionMask = 2147483647;
			files = (
				ED35FCA528C0E42D009BFB78 /* FirebaseDatabaseSwift in Frameworks */,
				ED35FCA328C0E42D009BFB78 /* FirebaseDatabase in Frameworks */,
				ED35FC9F28C0E42D009BFB78 /* FirebaseAuth in Frameworks */,
				ED35FCAB28C0E42D009BFB78 /* FirebaseFirestoreSwift in Frameworks */,
				ED35FCA928C0E42D009BFB78 /* FirebaseFirestoreCombine-Community in Frameworks */,
				ED35FCAD28C0E42D009BFB78 /* FirebaseStorage in Frameworks */,
				ED35FCA728C0E42D009BFB78 /* FirebaseFirestore in Frameworks */,
				ED35FCAF28C0E42D009BFB78 /* FirebaseStorageCombine-Community in Frameworks */,
				ED35FCA128C0E42D009BFB78 /* FirebaseAuthCombine-Community in Frameworks */,
			);
			runOnlyForDeploymentPostprocessing = 0;
		};
/* End PBXFrameworksBuildPhase section */

/* Begin PBXGroup section */
		ED1C799028D47EEB00FEA36D /* RegistrationVC */ = {
			isa = PBXGroup;
			children = (
				ED4028D328CF3449003EAF00 /* RegistrationVM.swift */,
				ED35FCB028C10301009BFB78 /* RegistrationVC.swift */,
			);
			path = RegistrationVC;
			sourceTree = "<group>";
		};
		ED790E6428BF9E1A00772CE7 /* GameVC */ = {
			isa = PBXGroup;
			children = (
				ED251BF2275FE2C10000A1FE /* GameVC.swift */,
				ED1812162762455200EC233D /* GameVM.swift */,
			);
			path = GameVC;
			sourceTree = "<group>";
		};
		ED790E6528BFA75200772CE7 /* SettingVC */ = {
			isa = PBXGroup;
			children = (
				ED790E6628BFA76500772CE7 /* TableVC */,
				EDC1EC5F27D0CB9300E957E8 /* SettingVC.swift */,
			);
			path = SettingVC;
			sourceTree = "<group>";
		};
		ED790E6628BFA76500772CE7 /* TableVC */ = {
			isa = PBXGroup;
			children = (
				EDC1EC6127D0CC6100E957E8 /* SettingsTableVC.swift */,
			);
			path = TableVC;
			sourceTree = "<group>";
		};
		ED790E6728BFA78600772CE7 /* RecordVC */ = {
			isa = PBXGroup;
			children = (
				ED1D969027DF252100D24852 /* RecordVC.swift */,
			);
			path = RecordVC;
			sourceTree = "<group>";
		};
		EDA3B68C275FB8D6008E17C7 = {
			isa = PBXGroup;
			children = (
				EDA3B697275FB8D6008E17C7 /* TheNumbers */,
				EDA3B696275FB8D6008E17C7 /* Products */,
			);
			sourceTree = "<group>";
		};
		EDA3B696275FB8D6008E17C7 /* Products */ = {
			isa = PBXGroup;
			children = (
				EDA3B695275FB8D6008E17C7 /* TheNumbers.app */,
			);
			name = Products;
			sourceTree = "<group>";
		};
		EDA3B697275FB8D6008E17C7 /* TheNumbers */ = {
			isa = PBXGroup;
			children = (
				ED1C799028D47EEB00FEA36D /* RegistrationVC */,
				ED790E6728BFA78600772CE7 /* RecordVC */,
				ED790E6528BFA75200772CE7 /* SettingVC */,
				ED790E6428BF9E1A00772CE7 /* GameVC */,
				EDE5FDED27D76E55004FB3A2 /* SettingsStruct.swift */,
				EDA3B69C275FB8D6008E17C7 /* StartPage.swift */,
				EDA3B6A3275FB8D7008E17C7 /* LaunchScreen.storyboard */,
				EDA3B69E275FB8D6008E17C7 /* Main.storyboard */,
				EDA3B698275FB8D6008E17C7 /* AppDelegate.swift */,
				EDA3B6A1275FB8D7008E17C7 /* Assets.xcassets */,
				EDA3B6A6275FB8D7008E17C7 /* Info.plist */,
				ED35FC9B28C0E143009BFB78 /* GoogleService-Info.plist */,
				ED35FCB228C1177A009BFB78 /* Utils.swift */,
				ED0A8BB328D215ED00231C77 /* User.swift */,
			);
			path = TheNumbers;
			sourceTree = "<group>";
		};
/* End PBXGroup section */

/* Begin PBXNativeTarget section */
		EDA3B694275FB8D6008E17C7 /* TheNumbers */ = {
			isa = PBXNativeTarget;
			buildConfigurationList = EDA3B6A9275FB8D7008E17C7 /* Build configuration list for PBXNativeTarget "TheNumbers" */;
			buildPhases = (
				EDA3B691275FB8D6008E17C7 /* Sources */,
				EDA3B692275FB8D6008E17C7 /* Frameworks */,
				EDA3B693275FB8D6008E17C7 /* Resources */,
			);
			buildRules = (
			);
			dependencies = (
			);
			name = TheNumbers;
			packageProductDependencies = (
				ED35FC9E28C0E42D009BFB78 /* FirebaseAuth */,
				ED35FCA028C0E42D009BFB78 /* FirebaseAuthCombine-Community */,
				ED35FCA228C0E42D009BFB78 /* FirebaseDatabase */,
				ED35FCA428C0E42D009BFB78 /* FirebaseDatabaseSwift */,
				ED35FCA628C0E42D009BFB78 /* FirebaseFirestore */,
				ED35FCA828C0E42D009BFB78 /* FirebaseFirestoreCombine-Community */,
				ED35FCAA28C0E42D009BFB78 /* FirebaseFirestoreSwift */,
				ED35FCAC28C0E42D009BFB78 /* FirebaseStorage */,
				ED35FCAE28C0E42D009BFB78 /* FirebaseStorageCombine-Community */,
			);
			productName = Pes;
			productReference = EDA3B695275FB8D6008E17C7 /* TheNumbers.app */;
			productType = "com.apple.product-type.application";
		};
/* End PBXNativeTarget section */

/* Begin PBXProject section */
		EDA3B68D275FB8D6008E17C7 /* Project object */ = {
			isa = PBXProject;
			attributes = {
				BuildIndependentTargetsInParallel = 1;
				LastSwiftUpdateCheck = 1310;
				LastUpgradeCheck = 1320;
				TargetAttributes = {
					EDA3B694275FB8D6008E17C7 = {
						CreatedOnToolsVersion = 13.1;
					};
				};
			};
			buildConfigurationList = EDA3B690275FB8D6008E17C7 /* Build configuration list for PBXProject "TheNumbers" */;
			compatibilityVersion = "Xcode 13.0";
			developmentRegion = en;
			hasScannedForEncodings = 0;
			knownRegions = (
				en,
				Base,
			);
			mainGroup = EDA3B68C275FB8D6008E17C7;
			packageReferences = (
				ED35FC9D28C0E42D009BFB78 /* XCRemoteSwiftPackageReference "firebase-ios-sdk" */,
			);
			productRefGroup = EDA3B696275FB8D6008E17C7 /* Products */;
			projectDirPath = "";
			projectRoot = "";
			targets = (
				EDA3B694275FB8D6008E17C7 /* TheNumbers */,
			);
		};
/* End PBXProject section */

/* Begin PBXResourcesBuildPhase section */
		EDA3B693275FB8D6008E17C7 /* Resources */ = {
			isa = PBXResourcesBuildPhase;
			buildActionMask = 2147483647;
			files = (
				EDA3B6A5275FB8D7008E17C7 /* LaunchScreen.storyboard in Resources */,
				ED35FC9C28C0E143009BFB78 /* GoogleService-Info.plist in Resources */,
				EDA3B6A2275FB8D7008E17C7 /* Assets.xcassets in Resources */,
				EDA3B6A0275FB8D6008E17C7 /* Main.storyboard in Resources */,
			);
			runOnlyForDeploymentPostprocessing = 0;
		};
/* End PBXResourcesBuildPhase section */

/* Begin PBXSourcesBuildPhase section */
		EDA3B691275FB8D6008E17C7 /* Sources */ = {
			isa = PBXSourcesBuildPhase;
			buildActionMask = 2147483647;
			files = (
				EDA3B69D275FB8D6008E17C7 /* StartPage.swift in Sources */,
				ED4028D428CF3449003EAF00 /* RegistrationVM.swift in Sources */,
				ED251BF3275FE2C10000A1FE /* GameVC.swift in Sources */,
				EDC1EC6027D0CB9300E957E8 /* SettingVC.swift in Sources */,
				EDA3B699275FB8D6008E17C7 /* AppDelegate.swift in Sources */,
				ED35FCB128C10301009BFB78 /* RegistrationVC.swift in Sources */,
				ED35FCB328C1177A009BFB78 /* Utils.swift in Sources */,
				ED1812172762455200EC233D /* GameVM.swift in Sources */,
				ED0A8BB428D215ED00231C77 /* User.swift in Sources */,
				ED1D969127DF252100D24852 /* RecordVC.swift in Sources */,
				EDC1EC6227D0CC6100E957E8 /* SettingsTableVC.swift in Sources */,
				EDE5FDEE27D76E55004FB3A2 /* SettingsStruct.swift in Sources */,
			);
			runOnlyForDeploymentPostprocessing = 0;
		};
/* End PBXSourcesBuildPhase section */

/* Begin PBXVariantGroup section */
		EDA3B69E275FB8D6008E17C7 /* Main.storyboard */ = {
			isa = PBXVariantGroup;
			children = (
				EDA3B69F275FB8D6008E17C7 /* Base */,
			);
			name = Main.storyboard;
			sourceTree = "<group>";
		};
		EDA3B6A3275FB8D7008E17C7 /* LaunchScreen.storyboard */ = {
			isa = PBXVariantGroup;
			children = (
				EDA3B6A4275FB8D7008E17C7 /* Base */,
			);
			name = LaunchScreen.storyboard;
			sourceTree = "<group>";
		};
/* End PBXVariantGroup section */

/* Begin XCBuildConfiguration section */
		EDA3B6A7275FB8D7008E17C7 /* Debug */ = {
			isa = XCBuildConfiguration;
			buildSettings = {
				ALWAYS_SEARCH_USER_PATHS = NO;
				CLANG_ANALYZER_NONNULL = YES;
				CLANG_ANALYZER_NUMBER_OBJECT_CONVERSION = YES_AGGRESSIVE;
				CLANG_CXX_LANGUAGE_STANDARD = "gnu++17";
				CLANG_CXX_LIBRARY = "libc++";
				CLANG_ENABLE_MODULES = YES;
				CLANG_ENABLE_OBJC_ARC = YES;
				CLANG_ENABLE_OBJC_WEAK = YES;
				CLANG_WARN_BLOCK_CAPTURE_AUTORELEASING = YES;
				CLANG_WARN_BOOL_CONVERSION = YES;
				CLANG_WARN_COMMA = YES;
				CLANG_WARN_CONSTANT_CONVERSION = YES;
				CLANG_WARN_DEPRECATED_OBJC_IMPLEMENTATIONS = YES;
				CLANG_WARN_DIRECT_OBJC_ISA_USAGE = YES_ERROR;
				CLANG_WARN_DOCUMENTATION_COMMENTS = YES;
				CLANG_WARN_EMPTY_BODY = YES;
				CLANG_WARN_ENUM_CONVERSION = YES;
				CLANG_WARN_INFINITE_RECURSION = YES;
				CLANG_WARN_INT_CONVERSION = YES;
				CLANG_WARN_NON_LITERAL_NULL_CONVERSION = YES;
				CLANG_WARN_OBJC_IMPLICIT_RETAIN_SELF = YES;
				CLANG_WARN_OBJC_LITERAL_CONVERSION = YES;
				CLANG_WARN_OBJC_ROOT_CLASS = YES_ERROR;
				CLANG_WARN_QUOTED_INCLUDE_IN_FRAMEWORK_HEADER = YES;
				CLANG_WARN_RANGE_LOOP_ANALYSIS = YES;
				CLANG_WARN_STRICT_PROTOTYPES = YES;
				CLANG_WARN_SUSPICIOUS_MOVE = YES;
				CLANG_WARN_UNGUARDED_AVAILABILITY = YES_AGGRESSIVE;
				CLANG_WARN_UNREACHABLE_CODE = YES;
				CLANG_WARN__DUPLICATE_METHOD_MATCH = YES;
				COPY_PHASE_STRIP = NO;
				DEBUG_INFORMATION_FORMAT = dwarf;
				ENABLE_STRICT_OBJC_MSGSEND = YES;
				ENABLE_TESTABILITY = YES;
				GCC_C_LANGUAGE_STANDARD = gnu11;
				GCC_DYNAMIC_NO_PIC = NO;
				GCC_NO_COMMON_BLOCKS = YES;
				GCC_OPTIMIZATION_LEVEL = 0;
				GCC_PREPROCESSOR_DEFINITIONS = (
					"DEBUG=1",
					"$(inherited)",
				);
				GCC_WARN_64_TO_32_BIT_CONVERSION = YES;
				GCC_WARN_ABOUT_RETURN_TYPE = YES_ERROR;
				GCC_WARN_UNDECLARED_SELECTOR = YES;
				GCC_WARN_UNINITIALIZED_AUTOS = YES_AGGRESSIVE;
				GCC_WARN_UNUSED_FUNCTION = YES;
				GCC_WARN_UNUSED_VARIABLE = YES;
				IPHONEOS_DEPLOYMENT_TARGET = 12.0;
				MTL_ENABLE_DEBUG_INFO = INCLUDE_SOURCE;
				MTL_FAST_MATH = YES;
				ONLY_ACTIVE_ARCH = YES;
				SDKROOT = iphoneos;
				SWIFT_ACTIVE_COMPILATION_CONDITIONS = DEBUG;
				SWIFT_OPTIMIZATION_LEVEL = "-Onone";
			};
			name = Debug;
		};
		EDA3B6A8275FB8D7008E17C7 /* Release */ = {
			isa = XCBuildConfiguration;
			buildSettings = {
				ALWAYS_SEARCH_USER_PATHS = NO;
				CLANG_ANALYZER_NONNULL = YES;
				CLANG_ANALYZER_NUMBER_OBJECT_CONVERSION = YES_AGGRESSIVE;
				CLANG_CXX_LANGUAGE_STANDARD = "gnu++17";
				CLANG_CXX_LIBRARY = "libc++";
				CLANG_ENABLE_MODULES = YES;
				CLANG_ENABLE_OBJC_ARC = YES;
				CLANG_ENABLE_OBJC_WEAK = YES;
				CLANG_WARN_BLOCK_CAPTURE_AUTORELEASING = YES;
				CLANG_WARN_BOOL_CONVERSION = YES;
				CLANG_WARN_COMMA = YES;
				CLANG_WARN_CONSTANT_CONVERSION = YES;
				CLANG_WARN_DEPRECATED_OBJC_IMPLEMENTATIONS = YES;
				CLANG_WARN_DIRECT_OBJC_ISA_USAGE = YES_ERROR;
				CLANG_WARN_DOCUMENTATION_COMMENTS = YES;
				CLANG_WARN_EMPTY_BODY = YES;
				CLANG_WARN_ENUM_CONVERSION = YES;
				CLANG_WARN_INFINITE_RECURSION = YES;
				CLANG_WARN_INT_CONVERSION = YES;
				CLANG_WARN_NON_LITERAL_NULL_CONVERSION = YES;
				CLANG_WARN_OBJC_IMPLICIT_RETAIN_SELF = YES;
				CLANG_WARN_OBJC_LITERAL_CONVERSION = YES;
				CLANG_WARN_OBJC_ROOT_CLASS = YES_ERROR;
				CLANG_WARN_QUOTED_INCLUDE_IN_FRAMEWORK_HEADER = YES;
				CLANG_WARN_RANGE_LOOP_ANALYSIS = YES;
				CLANG_WARN_STRICT_PROTOTYPES = YES;
				CLANG_WARN_SUSPICIOUS_MOVE = YES;
				CLANG_WARN_UNGUARDED_AVAILABILITY = YES_AGGRESSIVE;
				CLANG_WARN_UNREACHABLE_CODE = YES;
				CLANG_WARN__DUPLICATE_METHOD_MATCH = YES;
				COPY_PHASE_STRIP = NO;
				DEBUG_INFORMATION_FORMAT = "dwarf-with-dsym";
				ENABLE_NS_ASSERTIONS = NO;
				ENABLE_STRICT_OBJC_MSGSEND = YES;
				GCC_C_LANGUAGE_STANDARD = gnu11;
				GCC_NO_COMMON_BLOCKS = YES;
				GCC_WARN_64_TO_32_BIT_CONVERSION = YES;
				GCC_WARN_ABOUT_RETURN_TYPE = YES_ERROR;
				GCC_WARN_UNDECLARED_SELECTOR = YES;
				GCC_WARN_UNINITIALIZED_AUTOS = YES_AGGRESSIVE;
				GCC_WARN_UNUSED_FUNCTION = YES;
				GCC_WARN_UNUSED_VARIABLE = YES;
				IPHONEOS_DEPLOYMENT_TARGET = 12.0;
				MTL_ENABLE_DEBUG_INFO = NO;
				MTL_FAST_MATH = YES;
				SDKROOT = iphoneos;
				SWIFT_COMPILATION_MODE = wholemodule;
				SWIFT_OPTIMIZATION_LEVEL = "-O";
				VALIDATE_PRODUCT = YES;
			};
			name = Release;
		};
		EDA3B6AA275FB8D7008E17C7 /* Debug */ = {
			isa = XCBuildConfiguration;
			buildSettings = {
				ASSETCATALOG_COMPILER_APPICON_NAME = AppIcon;
				ASSETCATALOG_COMPILER_GLOBAL_ACCENT_COLOR_NAME = AccentColor;
				CODE_SIGN_STYLE = Automatic;
				CURRENT_PROJECT_VERSION = 1;
				DEVELOPMENT_TEAM = 6VXX7R3JL6;
				GENERATE_INFOPLIST_FILE = YES;
				INFOPLIST_FILE = TheNumbers/Info.plist;
				"INFOPLIST_FILE[sdk=*]" = TheNumbers/Info.plist;
				INFOPLIST_KEY_CFBundleDisplayName = "The Numbers";
				INFOPLIST_KEY_UIApplicationSupportsIndirectInputEvents = YES;
				INFOPLIST_KEY_UILaunchStoryboardName = LaunchScreen;
				INFOPLIST_KEY_UIMainStoryboardFile = Main;
				INFOPLIST_KEY_UISupportedInterfaceOrientations = "UIInterfaceOrientationPortrait UIInterfaceOrientationLandscapeLeft UIInterfaceOrientationLandscapeRight";
				INFOPLIST_KEY_UISupportedInterfaceOrientations_iPad = "UIInterfaceOrientationPortrait UIInterfaceOrientationPortraitUpsideDown UIInterfaceOrientationLandscapeLeft UIInterfaceOrientationLandscapeRight";
				INFOPLIST_KEY_UISupportedInterfaceOrientations_iPhone = "UIInterfaceOrientationPortrait UIInterfaceOrientationLandscapeLeft UIInterfaceOrientationLandscapeRight";
				IPHONEOS_DEPLOYMENT_TARGET = 12.0;
				LD_RUNPATH_SEARCH_PATHS = (
					"$(inherited)",
					"@executable_path/Frameworks",
				);
				MARKETING_VERSION = 1.0;
				PRODUCT_BUNDLE_IDENTIFIER = by.siarhei.shchurko.Pes;
				PRODUCT_NAME = "$(TARGET_NAME)";
				SWIFT_EMIT_LOC_STRINGS = YES;
				SWIFT_VERSION = 5.0;
				TARGETED_DEVICE_FAMILY = "1,2";
			};
			name = Debug;
		};
		EDA3B6AB275FB8D7008E17C7 /* Release */ = {
			isa = XCBuildConfiguration;
			buildSettings = {
				ASSETCATALOG_COMPILER_APPICON_NAME = AppIcon;
				ASSETCATALOG_COMPILER_GLOBAL_ACCENT_COLOR_NAME = AccentColor;
				CODE_SIGN_STYLE = Automatic;
				CURRENT_PROJECT_VERSION = 1;
				DEVELOPMENT_TEAM = 6VXX7R3JL6;
				GENERATE_INFOPLIST_FILE = YES;
				INFOPLIST_FILE = TheNumbers/Info.plist;
				INFOPLIST_KEY_CFBundleDisplayName = "The Numbers";
				INFOPLIST_KEY_UIApplicationSupportsIndirectInputEvents = YES;
				INFOPLIST_KEY_UILaunchStoryboardName = LaunchScreen;
				INFOPLIST_KEY_UIMainStoryboardFile = Main;
				INFOPLIST_KEY_UISupportedInterfaceOrientations = "UIInterfaceOrientationPortrait UIInterfaceOrientationLandscapeLeft UIInterfaceOrientationLandscapeRight";
				INFOPLIST_KEY_UISupportedInterfaceOrientations_iPad = "UIInterfaceOrientationPortrait UIInterfaceOrientationPortraitUpsideDown UIInterfaceOrientationLandscapeLeft UIInterfaceOrientationLandscapeRight";
				INFOPLIST_KEY_UISupportedInterfaceOrientations_iPhone = "UIInterfaceOrientationPortrait UIInterfaceOrientationLandscapeLeft UIInterfaceOrientationLandscapeRight";
				IPHONEOS_DEPLOYMENT_TARGET = 12.0;
				LD_RUNPATH_SEARCH_PATHS = (
					"$(inherited)",
					"@executable_path/Frameworks",
				);
				MARKETING_VERSION = 1.0;
				PRODUCT_BUNDLE_IDENTIFIER = by.siarhei.shchurko.Pes;
				PRODUCT_NAME = "$(TARGET_NAME)";
				SWIFT_EMIT_LOC_STRINGS = YES;
				SWIFT_VERSION = 5.0;
				TARGETED_DEVICE_FAMILY = "1,2";
			};
			name = Release;
		};
/* End XCBuildConfiguration section */

/* Begin XCConfigurationList section */
		EDA3B690275FB8D6008E17C7 /* Build configuration list for PBXProject "TheNumbers" */ = {
			isa = XCConfigurationList;
			buildConfigurations = (
				EDA3B6A7275FB8D7008E17C7 /* Debug */,
				EDA3B6A8275FB8D7008E17C7 /* Release */,
			);
			defaultConfigurationIsVisible = 0;
			defaultConfigurationName = Release;
		};
		EDA3B6A9275FB8D7008E17C7 /* Build configuration list for PBXNativeTarget "TheNumbers" */ = {
			isa = XCConfigurationList;
			buildConfigurations = (
				EDA3B6AA275FB8D7008E17C7 /* Debug */,
				EDA3B6AB275FB8D7008E17C7 /* Release */,
			);
			defaultConfigurationIsVisible = 0;
			defaultConfigurationName = Release;
		};
/* End XCConfigurationList section */

/* Begin XCRemoteSwiftPackageReference section */
		ED35FC9D28C0E42D009BFB78 /* XCRemoteSwiftPackageReference "firebase-ios-sdk" */ = {
			isa = XCRemoteSwiftPackageReference;
			repositoryURL = "https://github.com/firebase/firebase-ios-sdk";
			requirement = {
				kind = upToNextMajorVersion;
				minimumVersion = 9.0.0;
			};
		};
/* End XCRemoteSwiftPackageReference section */

/* Begin XCSwiftPackageProductDependency section */
		ED35FC9E28C0E42D009BFB78 /* FirebaseAuth */ = {
			isa = XCSwiftPackageProductDependency;
			package = ED35FC9D28C0E42D009BFB78 /* XCRemoteSwiftPackageReference "firebase-ios-sdk" */;
			productName = FirebaseAuth;
		};
		ED35FCA028C0E42D009BFB78 /* FirebaseAuthCombine-Community */ = {
			isa = XCSwiftPackageProductDependency;
			package = ED35FC9D28C0E42D009BFB78 /* XCRemoteSwiftPackageReference "firebase-ios-sdk" */;
			productName = "FirebaseAuthCombine-Community";
		};
		ED35FCA228C0E42D009BFB78 /* FirebaseDatabase */ = {
			isa = XCSwiftPackageProductDependency;
			package = ED35FC9D28C0E42D009BFB78 /* XCRemoteSwiftPackageReference "firebase-ios-sdk" */;
			productName = FirebaseDatabase;
		};
		ED35FCA428C0E42D009BFB78 /* FirebaseDatabaseSwift */ = {
			isa = XCSwiftPackageProductDependency;
			package = ED35FC9D28C0E42D009BFB78 /* XCRemoteSwiftPackageReference "firebase-ios-sdk" */;
			productName = FirebaseDatabaseSwift;
		};
		ED35FCA628C0E42D009BFB78 /* FirebaseFirestore */ = {
			isa = XCSwiftPackageProductDependency;
			package = ED35FC9D28C0E42D009BFB78 /* XCRemoteSwiftPackageReference "firebase-ios-sdk" */;
			productName = FirebaseFirestore;
		};
		ED35FCA828C0E42D009BFB78 /* FirebaseFirestoreCombine-Community */ = {
			isa = XCSwiftPackageProductDependency;
			package = ED35FC9D28C0E42D009BFB78 /* XCRemoteSwiftPackageReference "firebase-ios-sdk" */;
			productName = "FirebaseFirestoreCombine-Community";
		};
		ED35FCAA28C0E42D009BFB78 /* FirebaseFirestoreSwift */ = {
			isa = XCSwiftPackageProductDependency;
			package = ED35FC9D28C0E42D009BFB78 /* XCRemoteSwiftPackageReference "firebase-ios-sdk" */;
			productName = FirebaseFirestoreSwift;
		};
		ED35FCAC28C0E42D009BFB78 /* FirebaseStorage */ = {
			isa = XCSwiftPackageProductDependency;
			package = ED35FC9D28C0E42D009BFB78 /* XCRemoteSwiftPackageReference "firebase-ios-sdk" */;
			productName = FirebaseStorage;
		};
		ED35FCAE28C0E42D009BFB78 /* FirebaseStorageCombine-Community */ = {
			isa = XCSwiftPackageProductDependency;
			package = ED35FC9D28C0E42D009BFB78 /* XCRemoteSwiftPackageReference "firebase-ios-sdk" */;
			productName = "FirebaseStorageCombine-Community";
		};
/* End XCSwiftPackageProductDependency section */
	};
	rootObject = EDA3B68D275FB8D6008E17C7 /* Project object */;
}
